
Microsoft Visual Studio Solution File, Format Version 12.00
# Visual Studio 15
VisualStudioVersion = 15.0.28010.2048
MinimumVisualStudioVersion = 10.0.40219.1
Project("{FAE04EC0-301F-11D3-BF4B-00C04F79EFBC}") = "CarouselViewApp.Android", "CarouselViewApp\CarouselViewApp.Android\CarouselViewApp.Android.csproj", "{24E15CBE-B4FF-4D90-83B4-2559E93DDCF8}"
EndProject
Project("{FAE04EC0-301F-11D3-BF4B-00C04F79EFBC}") = "CarouselViewApp.iOS", "CarouselViewApp\CarouselViewApp.iOS\CarouselViewApp.iOS.csproj", "{73AF84A5-6974-4964-94DE-089BE730528F}"
EndProject
Project("{FAE04EC0-301F-11D3-BF4B-00C04F79EFBC}") = "CarouselViewApp", "CarouselViewApp\CarouselViewApp\CarouselViewApp.csproj", "{D581A2F9-50B6-4B46-BD76-5DE1E830DA92}"
EndProject
Global
	GlobalSection(SolutionConfigurationPlatforms) = preSolution
		Ad-Hoc|Any CPU = Ad-Hoc|Any CPU
		Ad-Hoc|iPhone = Ad-Hoc|iPhone
		Ad-Hoc|iPhoneSimulator = Ad-Hoc|iPhoneSimulator
		AppStore|Any CPU = AppStore|Any CPU
		AppStore|iPhone = AppStore|iPhone
		AppStore|iPhoneSimulator = AppStore|iPhoneSimulator
		Debug|Any CPU = Debug|Any CPU
		Debug|iPhone = Debug|iPhone
		Debug|iPhoneSimulator = Debug|iPhoneSimulator
		Release|Any CPU = Release|Any CPU
		Release|iPhone = Release|iPhone
		Release|iPhoneSimulator = Release|iPhoneSimulator
	EndGlobalSection
	GlobalSection(ProjectConfigurationPlatforms) = postSolution
		{24E15CBE-B4FF-4D90-83B4-2559E93DDCF8}.Ad-Hoc|Any CPU.ActiveCfg = Release|Any CPU
		{24E15CBE-B4FF-4D90-83B4-2559E93DDCF8}.Ad-Hoc|Any CPU.Build.0 = Release|Any CPU
		{24E15CBE-B4FF-4D90-83B4-2559E93DDCF8}.Ad-Hoc|Any CPU.Deploy.0 = Release|Any CPU
		{24E15CBE-B4FF-4D90-83B4-2559E93DDCF8}.Ad-Hoc|iPhone.ActiveCfg = Release|Any CPU
		{24E15CBE-B4FF-4D90-83B4-2559E93DDCF8}.Ad-Hoc|iPhone.Build.0 = Release|Any CPU
		{24E15CBE-B4FF-4D90-83B4-2559E93DDCF8}.Ad-Hoc|iPhone.Deploy.0 = Release|Any CPU
		{24E15CBE-B4FF-4D90-83B4-2559E93DDCF8}.Ad-Hoc|iPhoneSimulator.ActiveCfg = Release|Any CPU
		{24E15CBE-B4FF-4D90-83B4-2559E93DDCF8}.Ad-Hoc|iPhoneSimulator.Build.0 = Release|Any CPU
		{24E15CBE-B4FF-4D90-83B4-2559E93DDCF8}.Ad-Hoc|iPhoneSimulator.Deploy.0 = Release|Any CPU
		{24E15CBE-B4FF-4D90-83B4-2559E93DDCF8}.AppStore|Any CPU.ActiveCfg = Release|Any CPU
		{24E15CBE-B4FF-4D90-83B4-2559E93DDCF8}.AppStore|Any CPU.Build.0 = Release|Any CPU
		{24E15CBE-B4FF-4D90-83B4-2559E93DDCF8}.AppStore|Any CPU.Deploy.0 = Release|Any CPU
		{24E15CBE-B4FF-4D90-83B4-2559E93DDCF8}.AppStore|iPhone.ActiveCfg = Release|Any CPU
		{24E15CBE-B4FF-4D90-83B4-2559E93DDCF8}.AppStore|iPhone.Build.0 = Release|Any CPU
		{24E15CBE-B4FF-4D90-83B4-2559E93DDCF8}.AppStore|iPhone.Deploy.0 = Release|Any CPU
		{24E15CBE-B4FF-4D90-83B4-2559E93DDCF8}.AppStore|iPhoneSimulator.ActiveCfg = Release|Any CPU
		{24E15CBE-B4FF-4D90-83B4-2559E93DDCF8}.AppStore|iPhoneSimulator.Build.0 = Release|Any CPU
		{24E15CBE-B4FF-4D90-83B4-2559E93DDCF8}.AppStore|iPhoneSimulator.Deploy.0 = Release|Any CPU
		{24E15CBE-B4FF-4D90-83B4-2559E93DDCF8}.Debug|Any CPU.ActiveCfg = Debug|Any CPU
		{24E15CBE-B4FF-4D90-83B4-2559E93DDCF8}.Debug|Any CPU.Build.0 = Debug|Any CPU
		{24E15CBE-B4FF-4D90-83B4-2559E93DDCF8}.Debug|Any CPU.Deploy.0 = Debug|Any CPU
		{24E15CBE-B4FF-4D90-83B4-2559E93DDCF8}.Debug|iPhone.ActiveCfg = Debug|Any CPU
		{24E15CBE-B4FF-4D90-83B4-2559E93DDCF8}.Debug|iPhone.Build.0 = Debug|Any CPU
		{24E15CBE-B4FF-4D90-83B4-2559E93DDCF8}.Debug|iPhone.Deploy.0 = Debug|Any CPU
		{24E15CBE-B4FF-4D90-83B4-2559E93DDCF8}.Debug|iPhoneSimulator.ActiveCfg = Debug|Any CPU
		{24E15CBE-B4FF-4D90-83B4-2559E93DDCF8}.Debug|iPhoneSimulator.Build.0 = Debug|Any CPU
		{24E15CBE-B4FF-4D90-83B4-2559E93DDCF8}.Debug|iPhoneSimulator.Deploy.0 = Debug|Any CPU
		{24E15CBE-B4FF-4D90-83B4-2559E93DDCF8}.Release|Any CPU.ActiveCfg = Release|Any CPU
		{24E15CBE-B4FF-4D90-83B4-2559E93DDCF8}.Release|Any CPU.Build.0 = Release|Any CPU
		{24E15CBE-B4FF-4D90-83B4-2559E93DDCF8}.Release|Any CPU.Deploy.0 = Release|Any CPU
		{24E15CBE-B4FF-4D90-83B4-2559E93DDCF8}.Release|iPhone.ActiveCfg = Release|Any CPU
		{24E15CBE-B4FF-4D90-83B4-2559E93DDCF8}.Release|iPhone.Build.0 = Release|Any CPU
		{24E15CBE-B4FF-4D90-83B4-2559E93DDCF8}.Release|iPhone.Deploy.0 = Release|Any CPU
		{24E15CBE-B4FF-4D90-83B4-2559E93DDCF8}.Release|iPhoneSimulator.ActiveCfg = Release|Any CPU
		{24E15CBE-B4FF-4D90-83B4-2559E93DDCF8}.Release|iPhoneSimulator.Build.0 = Release|Any CPU
		{24E15CBE-B4FF-4D90-83B4-2559E93DDCF8}.Release|iPhoneSimulator.Deploy.0 = Release|Any CPU
		{73AF84A5-6974-4964-94DE-089BE730528F}.Ad-Hoc|Any CPU.ActiveCfg = Ad-Hoc|iPhone
		{73AF84A5-6974-4964-94DE-089BE730528F}.Ad-Hoc|Any CPU.Build.0 = Ad-Hoc|iPhone
		{73AF84A5-6974-4964-94DE-089BE730528F}.Ad-Hoc|Any CPU.Deploy.0 = Ad-Hoc|iPhone
		{73AF84A5-6974-4964-94DE-089BE730528F}.Ad-Hoc|iPhone.ActiveCfg = Ad-Hoc|iPhone
		{73AF84A5-6974-4964-94DE-089BE730528F}.Ad-Hoc|iPhone.Build.0 = Ad-Hoc|iPhone
		{73AF84A5-6974-4964-94DE-089BE730528F}.Ad-Hoc|iPhone.Deploy.0 = Ad-Hoc|iPhone
		{73AF84A5-6974-4964-94DE-089BE730528F}.Ad-Hoc|iPhoneSimulator.ActiveCfg = Ad-Hoc|iPhoneSimulator
		{73AF84A5-6974-4964-94DE-089BE730528F}.Ad-Hoc|iPhoneSimulator.Build.0 = Ad-Hoc|iPhoneSimulator
		{73AF84A5-6974-4964-94DE-089BE730528F}.Ad-Hoc|iPhoneSimulator.Deploy.0 = Ad-Hoc|iPhoneSimulator
		{73AF84A5-6974-4964-94DE-089BE730528F}.AppStore|Any CPU.ActiveCfg = AppStore|iPhone
		{73AF84A5-6974-4964-94DE-089BE730528F}.AppStore|Any CPU.Build.0 = AppStore|iPhone
		{73AF84A5-6974-4964-94DE-089BE730528F}.AppStore|Any CPU.Deploy.0 = AppStore|iPhone
		{73AF84A5-6974-4964-94DE-089BE730528F}.AppStore|iPhone.ActiveCfg = AppStore|iPhone
		{73AF84A5-6974-4964-94DE-089BE730528F}.AppStore|iPhone.Build.0 = AppStore|iPhone
		{73AF84A5-6974-4964-94DE-089BE730528F}.AppStore|iPhone.Deploy.0 = AppStore|iPhone
		{73AF84A5-6974-4964-94DE-089BE730528F}.AppStore|iPhoneSimulator.ActiveCfg = AppStore|iPhoneSimulator
		{73AF84A5-6974-4964-94DE-089BE730528F}.AppStore|iPhoneSimulator.Build.0 = AppStore|iPhoneSimulator
		{73AF84A5-6974-4964-94DE-089BE730528F}.AppStore|iPhoneSimulator.Deploy.0 = AppStore|iPhoneSimulator
		{73AF84A5-6974-4964-94DE-089BE730528F}.Debug|Any CPU.ActiveCfg = Debug|iPhoneSimulator
		{73AF84A5-6974-4964-94DE-089BE730528F}.Debug|Any CPU.Build.0 = Debug|iPhoneSimulator
		{73AF84A5-6974-4964-94DE-089BE730528F}.Debug|Any CPU.Deploy.0 = Debug|iPhoneSimulator
		{73AF84A5-6974-4964-94DE-089BE730528F}.Debug|iPhone.ActiveCfg = Debug|iPhone
		{73AF84A5-6974-4964-94DE-089BE730528F}.Debug|iPhone.Build.0 = Debug|iPhone
		{73AF84A5-6974-4964-94DE-089BE730528F}.Debug|iPhone.Deploy.0 = Debug|iPhone
		{73AF84A5-6974-4964-94DE-089BE730528F}.Debug|iPhoneSimulator.ActiveCfg = Debug|iPhoneSimulator
		{73AF84A5-6974-4964-94DE-089BE730528F}.Debug|iPhoneSimulator.Build.0 = Debug|iPhoneSimulator
		{73AF84A5-6974-4964-94DE-089BE730528F}.Debug|iPhoneSimulator.Deploy.0 = Debug|iPhoneSimulator
		{73AF84A5-6974-4964-94DE-089BE730528F}.Release|Any CPU.ActiveCfg = Release|iPhone
		{73AF84A5-6974-4964-94DE-089BE730528F}.Release|Any CPU.Build.0 = Release|iPhone
		{73AF84A5-6974-4964-94DE-089BE730528F}.Release|Any CPU.Deploy.0 = Release|iPhone
		{73AF84A5-6974-4964-94DE-089BE730528F}.Release|iPhone.ActiveCfg = Release|iPhone
		{73AF84A5-6974-4964-94DE-089BE730528F}.Release|iPhone.Build.0 = Release|iPhone
		{73AF84A5-6974-4964-94DE-089BE730528F}.Release|iPhone.Deploy.0 = Release|iPhone
		{73AF84A5-6974-4964-94DE-089BE730528F}.Release|iPhoneSimulator.ActiveCfg = Release|iPhoneSimulator
		{73AF84A5-6974-4964-94DE-089BE730528F}.Release|iPhoneSimulator.Build.0 = Release|iPhoneSimulator
		{73AF84A5-6974-4964-94DE-089BE730528F}.Release|iPhoneSimulator.Deploy.0 = Release|iPhoneSimulator
		{D581A2F9-50B6-4B46-BD76-5DE1E830DA92}.Ad-Hoc|Any CPU.ActiveCfg = Debug|Any CPU
		{D581A2F9-50B6-4B46-BD76-5DE1E830DA92}.Ad-Hoc|Any CPU.Build.0 = Debug|Any CPU
		{D581A2F9-50B6-4B46-BD76-5DE1E830DA92}.Ad-Hoc|Any CPU.Deploy.0 = Debug|Any CPU
		{D581A2F9-50B6-4B46-BD76-5DE1E830DA92}.Ad-Hoc|iPhone.ActiveCfg = Debug|Any CPU
		{D581A2F9-50B6-4B46-BD76-5DE1E830DA92}.Ad-Hoc|iPhone.Build.0 = Debug|Any CPU
		{D581A2F9-50B6-4B46-BD76-5DE1E830DA92}.Ad-Hoc|iPhone.Deploy.0 = Debug|Any CPU
		{D581A2F9-50B6-4B46-BD76-5DE1E830DA92}.Ad-Hoc|iPhoneSimulator.ActiveCfg = Debug|Any CPU
		{D581A2F9-50B6-4B46-BD76-5DE1E830DA92}.Ad-Hoc|iPhoneSimulator.Build.0 = Debug|Any CPU
		{D581A2F9-50B6-4B46-BD76-5DE1E830DA92}.Ad-Hoc|iPhoneSimulator.Deploy.0 = Debug|Any CPU
		{D581A2F9-50B6-4B46-BD76-5DE1E830DA92}.AppStore|Any CPU.ActiveCfg = Debug|Any CPU
		{D581A2F9-50B6-4B46-BD76-5DE1E830DA92}.AppStore|Any CPU.Build.0 = Debug|Any CPU
		{D581A2F9-50B6-4B46-BD76-5DE1E830DA92}.AppStore|Any CPU.Deploy.0 = Debug|Any CPU
		{D581A2F9-50B6-4B46-BD76-5DE1E830DA92}.AppStore|iPhone.ActiveCfg = Debug|Any CPU
		{D581A2F9-50B6-4B46-BD76-5DE1E830DA92}.AppStore|iPhone.Build.0 = Debug|Any CPU
		{D581A2F9-50B6-4B46-BD76-5DE1E830DA92}.AppStore|iPhone.Deploy.0 = Debug|Any CPU
		{D581A2F9-50B6-4B46-BD76-5DE1E830DA92}.AppStore|iPhoneSimulator.ActiveCfg = Debug|Any CPU
		{D581A2F9-50B6-4B46-BD76-5DE1E830DA92}.AppStore|iPhoneSimulator.Build.0 = Debug|Any CPU
		{D581A2F9-50B6-4B46-BD76-5DE1E830DA92}.AppStore|iPhoneSimulator.Deploy.0 = Debug|Any CPU
		{D581A2F9-50B6-4B46-BD76-5DE1E830DA92}.Debug|Any CPU.ActiveCfg = Debug|Any CPU
		{D581A2F9-50B6-4B46-BD76-5DE1E830DA92}.Debug|Any CPU.Build.0 = Debug|Any CPU
		{D581A2F9-50B6-4B46-BD76-5DE1E830DA92}.Debug|Any CPU.Deploy.0 = Debug|Any CPU
		{D581A2F9-50B6-4B46-BD76-5DE1E830DA92}.Debug|iPhone.ActiveCfg = Debug|Any CPU
		{D581A2F9-50B6-4B46-BD76-5DE1E830DA92}.Debug|iPhone.Build.0 = Debug|Any CPU
		{D581A2F9-50B6-4B46-BD76-5DE1E830DA92}.Debug|iPhone.Deploy.0 = Debug|Any CPU
		{D581A2F9-50B6-4B46-BD76-5DE1E830DA92}.Debug|iPhoneSimulator.ActiveCfg = Debug|Any CPU
		{D581A2F9-50B6-4B46-BD76-5DE1E830DA92}.Debug|iPhoneSimulator.Build.0 = Debug|Any CPU
		{D581A2F9-50B6-4B46-BD76-5DE1E830DA92}.Debug|iPhoneSimulator.Deploy.0 = Debug|Any CPU
		{D581A2F9-50B6-4B46-BD76-5DE1E830DA92}.Release|Any CPU.ActiveCfg = Release|Any CPU
		{D581A2F9-50B6-4B46-BD76-5DE1E830DA92}.Release|Any CPU.Build.0 = Release|Any CPU
		{D581A2F9-50B6-4B46-BD76-5DE1E830DA92}.Release|Any CPU.Deploy.0 = Release|Any CPU
		{D581A2F9-50B6-4B46-BD76-5DE1E830DA92}.Release|iPhone.ActiveCfg = Release|Any CPU
		{D581A2F9-50B6-4B46-BD76-5DE1E830DA92}.Release|iPhone.Build.0 = Release|Any CPU
		{D581A2F9-50B6-4B46-BD76-5DE1E830DA92}.Release|iPhone.Deploy.0 = Release|Any CPU
		{D581A2F9-50B6-4B46-BD76-5DE1E830DA92}.Release|iPhoneSimulator.ActiveCfg = Release|Any CPU
		{D581A2F9-50B6-4B46-BD76-5DE1E830DA92}.Release|iPhoneSimulator.Build.0 = Release|Any CPU
		{D581A2F9-50B6-4B46-BD76-5DE1E830DA92}.Release|iPhoneSimulator.Deploy.0 = Release|Any CPU
	EndGlobalSection
	GlobalSection(SolutionProperties) = preSolution
		HideSolutionNode = FALSE
	EndGlobalSection
	GlobalSection(ExtensibilityGlobals) = postSolution
		SolutionGuid = {5C526BC4-CC51-4B23-9009-1D60E7187E03}
	EndGlobalSection
EndGlobal
